
Microsoft Visual Studio Solution File, Format Version 12.00
# Visual Studio Version 17
VisualStudioVersion = 17.4.33205.214
MinimumVisualStudioVersion = 10.0.40219.1
Project("{888888A0-9F3D-457C-B088-3A5042F75D52}") = "ID_kood", "ID_kood.pyproj", "{E6FC9278-65C7-48FB-ADB1-13407EE474A8}"
EndProject
Global
	GlobalSection(SolutionConfigurationPlatforms) = preSolution
		Debug|Any CPU = Debug|Any CPU
		Release|Any CPU = Release|Any CPU
	EndGlobalSection
	GlobalSection(ProjectConfigurationPlatforms) = postSolution
		{E6FC9278-65C7-48FB-ADB1-13407EE474A8}.Debug|Any CPU.ActiveCfg = Debug|Any CPU
		{E6FC9278-65C7-48FB-ADB1-13407EE474A8}.Release|Any CPU.ActiveCfg = Release|Any CPU
	EndGlobalSection
	GlobalSection(SolutionProperties) = preSolution
		HideSolutionNode = FALSE
	EndGlobalSection
	GlobalSection(ExtensibilityGlobals) = postSolution
		SolutionGuid = {49F9BDB8-0DB8-4038-9E37-F9A0642B5687}
	EndGlobalSection
EndGlobal
